
Microsoft Visual Studio Solution File, Format Version 12.00
# Visual Studio 15
VisualStudioVersion = 15.0.26430.15
MinimumVisualStudioVersion = 10.0.40219.1
Project("{FAE04EC0-301F-11D3-BF4B-00C04F79EFBC}") = "XFTask", "XFTask\XFTask\XFTask.csproj", "{94638211-A79C-4E05-A7D9-047CAC3EB928}"
EndProject
Project("{FAE04EC0-301F-11D3-BF4B-00C04F79EFBC}") = "XFTask.Droid", "XFTask\XFTask.Droid\XFTask.Droid.csproj", "{6BD15805-724B-4530-B178-EBD90A9E532C}"
EndProject
Project("{FAE04EC0-301F-11D3-BF4B-00C04F79EFBC}") = "XFTask.iOS", "XFTask\XFTask.iOS\XFTask.iOS.csproj", "{62F2EF5B-C80E-467E-BFDE-E751F67E8AD2}"
EndProject
Project("{FAE04EC0-301F-11D3-BF4B-00C04F79EFBC}") = "XFTask.UWP", "XFTask\XFTask.UWP\XFTask.UWP.csproj", "{B1901113-5BE6-4A62-A43C-BF3EAD46F205}"
EndProject
Global
	GlobalSection(SolutionConfigurationPlatforms) = preSolution
		Ad-Hoc|Any CPU = Ad-Hoc|Any CPU
		Ad-Hoc|ARM = Ad-Hoc|ARM
		Ad-Hoc|iPhone = Ad-Hoc|iPhone
		Ad-Hoc|iPhoneSimulator = Ad-Hoc|iPhoneSimulator
		Ad-Hoc|x64 = Ad-Hoc|x64
		Ad-Hoc|x86 = Ad-Hoc|x86
		AppStore|Any CPU = AppStore|Any CPU
		AppStore|ARM = AppStore|ARM
		AppStore|iPhone = AppStore|iPhone
		AppStore|iPhoneSimulator = AppStore|iPhoneSimulator
		AppStore|x64 = AppStore|x64
		AppStore|x86 = AppStore|x86
		Debug|Any CPU = Debug|Any CPU
		Debug|ARM = Debug|ARM
		Debug|iPhone = Debug|iPhone
		Debug|iPhoneSimulator = Debug|iPhoneSimulator
		Debug|x64 = Debug|x64
		Debug|x86 = Debug|x86
		Release|Any CPU = Release|Any CPU
		Release|ARM = Release|ARM
		Release|iPhone = Release|iPhone
		Release|iPhoneSimulator = Release|iPhoneSimulator
		Release|x64 = Release|x64
		Release|x86 = Release|x86
	EndGlobalSection
	GlobalSection(ProjectConfigurationPlatforms) = postSolution
		{94638211-A79C-4E05-A7D9-047CAC3EB928}.Ad-Hoc|Any CPU.ActiveCfg = Release|Any CPU
		{94638211-A79C-4E05-A7D9-047CAC3EB928}.Ad-Hoc|Any CPU.Build.0 = Release|Any CPU
		{94638211-A79C-4E05-A7D9-047CAC3EB928}.Ad-Hoc|ARM.ActiveCfg = Release|Any CPU
		{94638211-A79C-4E05-A7D9-047CAC3EB928}.Ad-Hoc|ARM.Build.0 = Release|Any CPU
		{94638211-A79C-4E05-A7D9-047CAC3EB928}.Ad-Hoc|iPhone.ActiveCfg = Release|Any CPU
		{94638211-A79C-4E05-A7D9-047CAC3EB928}.Ad-Hoc|iPhone.Build.0 = Release|Any CPU
		{94638211-A79C-4E05-A7D9-047CAC3EB928}.Ad-Hoc|iPhoneSimulator.ActiveCfg = Release|Any CPU
		{94638211-A79C-4E05-A7D9-047CAC3EB928}.Ad-Hoc|iPhoneSimulator.Build.0 = Release|Any CPU
		{94638211-A79C-4E05-A7D9-047CAC3EB928}.Ad-Hoc|x64.ActiveCfg = Release|Any CPU
		{94638211-A79C-4E05-A7D9-047CAC3EB928}.Ad-Hoc|x64.Build.0 = Release|Any CPU
		{94638211-A79C-4E05-A7D9-047CAC3EB928}.Ad-Hoc|x86.ActiveCfg = Release|Any CPU
		{94638211-A79C-4E05-A7D9-047CAC3EB928}.Ad-Hoc|x86.Build.0 = Release|Any CPU
		{94638211-A79C-4E05-A7D9-047CAC3EB928}.AppStore|Any CPU.ActiveCfg = Release|Any CPU
		{94638211-A79C-4E05-A7D9-047CAC3EB928}.AppStore|Any CPU.Build.0 = Release|Any CPU
		{94638211-A79C-4E05-A7D9-047CAC3EB928}.AppStore|ARM.ActiveCfg = Release|Any CPU
		{94638211-A79C-4E05-A7D9-047CAC3EB928}.AppStore|ARM.Build.0 = Release|Any CPU
		{94638211-A79C-4E05-A7D9-047CAC3EB928}.AppStore|iPhone.ActiveCfg = Release|Any CPU
		{94638211-A79C-4E05-A7D9-047CAC3EB928}.AppStore|iPhone.Build.0 = Release|Any CPU
		{94638211-A79C-4E05-A7D9-047CAC3EB928}.AppStore|iPhoneSimulator.ActiveCfg = Release|Any CPU
		{94638211-A79C-4E05-A7D9-047CAC3EB928}.AppStore|iPhoneSimulator.Build.0 = Release|Any CPU
		{94638211-A79C-4E05-A7D9-047CAC3EB928}.AppStore|x64.ActiveCfg = Release|Any CPU
		{94638211-A79C-4E05-A7D9-047CAC3EB928}.AppStore|x64.Build.0 = Release|Any CPU
		{94638211-A79C-4E05-A7D9-047CAC3EB928}.AppStore|x86.ActiveCfg = Release|Any CPU
		{94638211-A79C-4E05-A7D9-047CAC3EB928}.AppStore|x86.Build.0 = Release|Any CPU
		{94638211-A79C-4E05-A7D9-047CAC3EB928}.Debug|Any CPU.ActiveCfg = Debug|Any CPU
		{94638211-A79C-4E05-A7D9-047CAC3EB928}.Debug|Any CPU.Build.0 = Debug|Any CPU
		{94638211-A79C-4E05-A7D9-047CAC3EB928}.Debug|ARM.ActiveCfg = Debug|Any CPU
		{94638211-A79C-4E05-A7D9-047CAC3EB928}.Debug|ARM.Build.0 = Debug|Any CPU
		{94638211-A79C-4E05-A7D9-047CAC3EB928}.Debug|iPhone.ActiveCfg = Debug|Any CPU
		{94638211-A79C-4E05-A7D9-047CAC3EB928}.Debug|iPhone.Build.0 = Debug|Any CPU
		{94638211-A79C-4E05-A7D9-047CAC3EB928}.Debug|iPhoneSimulator.ActiveCfg = Debug|Any CPU
		{94638211-A79C-4E05-A7D9-047CAC3EB928}.Debug|iPhoneSimulator.Build.0 = Debug|Any CPU
		{94638211-A79C-4E05-A7D9-047CAC3EB928}.Debug|x64.ActiveCfg = Debug|Any CPU
		{94638211-A79C-4E05-A7D9-047CAC3EB928}.Debug|x64.Build.0 = Debug|Any CPU
		{94638211-A79C-4E05-A7D9-047CAC3EB928}.Debug|x86.ActiveCfg = Debug|Any CPU
		{94638211-A79C-4E05-A7D9-047CAC3EB928}.Debug|x86.Build.0 = Debug|Any CPU
		{94638211-A79C-4E05-A7D9-047CAC3EB928}.Release|Any CPU.ActiveCfg = Release|Any CPU
		{94638211-A79C-4E05-A7D9-047CAC3EB928}.Release|Any CPU.Build.0 = Release|Any CPU
		{94638211-A79C-4E05-A7D9-047CAC3EB928}.Release|ARM.ActiveCfg = Release|Any CPU
		{94638211-A79C-4E05-A7D9-047CAC3EB928}.Release|ARM.Build.0 = Release|Any CPU
		{94638211-A79C-4E05-A7D9-047CAC3EB928}.Release|iPhone.ActiveCfg = Release|Any CPU
		{94638211-A79C-4E05-A7D9-047CAC3EB928}.Release|iPhone.Build.0 = Release|Any CPU
		{94638211-A79C-4E05-A7D9-047CAC3EB928}.Release|iPhoneSimulator.ActiveCfg = Release|Any CPU
		{94638211-A79C-4E05-A7D9-047CAC3EB928}.Release|iPhoneSimulator.Build.0 = Release|Any CPU
		{94638211-A79C-4E05-A7D9-047CAC3EB928}.Release|x64.ActiveCfg = Release|Any CPU
		{94638211-A79C-4E05-A7D9-047CAC3EB928}.Release|x64.Build.0 = Release|Any CPU
		{94638211-A79C-4E05-A7D9-047CAC3EB928}.Release|x86.ActiveCfg = Release|Any CPU
		{94638211-A79C-4E05-A7D9-047CAC3EB928}.Release|x86.Build.0 = Release|Any CPU
		{6BD15805-724B-4530-B178-EBD90A9E532C}.Ad-Hoc|Any CPU.ActiveCfg = Release|Any CPU
		{6BD15805-724B-4530-B178-EBD90A9E532C}.Ad-Hoc|Any CPU.Build.0 = Release|Any CPU
		{6BD15805-724B-4530-B178-EBD90A9E532C}.Ad-Hoc|Any CPU.Deploy.0 = Release|Any CPU
		{6BD15805-724B-4530-B178-EBD90A9E532C}.Ad-Hoc|ARM.ActiveCfg = Release|Any CPU
		{6BD15805-724B-4530-B178-EBD90A9E532C}.Ad-Hoc|ARM.Build.0 = Release|Any CPU
		{6BD15805-724B-4530-B178-EBD90A9E532C}.Ad-Hoc|ARM.Deploy.0 = Release|Any CPU
		{6BD15805-724B-4530-B178-EBD90A9E532C}.Ad-Hoc|iPhone.ActiveCfg = Release|Any CPU
		{6BD15805-724B-4530-B178-EBD90A9E532C}.Ad-Hoc|iPhone.Build.0 = Release|Any CPU
		{6BD15805-724B-4530-B178-EBD90A9E532C}.Ad-Hoc|iPhone.Deploy.0 = Release|Any CPU
		{6BD15805-724B-4530-B178-EBD90A9E532C}.Ad-Hoc|iPhoneSimulator.ActiveCfg = Release|Any CPU
		{6BD15805-724B-4530-B178-EBD90A9E532C}.Ad-Hoc|iPhoneSimulator.Build.0 = Release|Any CPU
		{6BD15805-724B-4530-B178-EBD90A9E532C}.Ad-Hoc|iPhoneSimulator.Deploy.0 = Release|Any CPU
		{6BD15805-724B-4530-B178-EBD90A9E532C}.Ad-Hoc|x64.ActiveCfg = Release|Any CPU
		{6BD15805-724B-4530-B178-EBD90A9E532C}.Ad-Hoc|x64.Build.0 = Release|Any CPU
		{6BD15805-724B-4530-B178-EBD90A9E532C}.Ad-Hoc|x64.Deploy.0 = Release|Any CPU
		{6BD15805-724B-4530-B178-EBD90A9E532C}.Ad-Hoc|x86.ActiveCfg = Release|Any CPU
		{6BD15805-724B-4530-B178-EBD90A9E532C}.Ad-Hoc|x86.Build.0 = Release|Any CPU
		{6BD15805-724B-4530-B178-EBD90A9E532C}.Ad-Hoc|x86.Deploy.0 = Release|Any CPU
		{6BD15805-724B-4530-B178-EBD90A9E532C}.AppStore|Any CPU.ActiveCfg = Release|Any CPU
		{6BD15805-724B-4530-B178-EBD90A9E532C}.AppStore|Any CPU.Build.0 = Release|Any CPU
		{6BD15805-724B-4530-B178-EBD90A9E532C}.AppStore|Any CPU.Deploy.0 = Release|Any CPU
		{6BD15805-724B-4530-B178-EBD90A9E532C}.AppStore|ARM.ActiveCfg = Release|Any CPU
		{6BD15805-724B-4530-B178-EBD90A9E532C}.AppStore|ARM.Build.0 = Release|Any CPU
		{6BD15805-724B-4530-B178-EBD90A9E532C}.AppStore|ARM.Deploy.0 = Release|Any CPU
		{6BD15805-724B-4530-B178-EBD90A9E532C}.AppStore|iPhone.ActiveCfg = Release|Any CPU
		{6BD15805-724B-4530-B178-EBD90A9E532C}.AppStore|iPhone.Build.0 = Release|Any CPU
		{6BD15805-724B-4530-B178-EBD90A9E532C}.AppStore|iPhone.Deploy.0 = Release|Any CPU
		{6BD15805-724B-4530-B178-EBD90A9E532C}.AppStore|iPhoneSimulator.ActiveCfg = Release|Any CPU
		{6BD15805-724B-4530-B178-EBD90A9E532C}.AppStore|iPhoneSimulator.Build.0 = Release|Any CPU
		{6BD15805-724B-4530-B178-EBD90A9E532C}.AppStore|iPhoneSimulator.Deploy.0 = Release|Any CPU
		{6BD15805-724B-4530-B178-EBD90A9E532C}.AppStore|x64.ActiveCfg = Release|Any CPU
		{6BD15805-724B-4530-B178-EBD90A9E532C}.AppStore|x64.Build.0 = Release|Any CPU
		{6BD15805-724B-4530-B178-EBD90A9E532C}.AppStore|x64.Deploy.0 = Release|Any CPU
		{6BD15805-724B-4530-B178-EBD90A9E532C}.AppStore|x86.ActiveCfg = Release|Any CPU
		{6BD15805-724B-4530-B178-EBD90A9E532C}.AppStore|x86.Build.0 = Release|Any CPU
		{6BD15805-724B-4530-B178-EBD90A9E532C}.AppStore|x86.Deploy.0 = Release|Any CPU
		{6BD15805-724B-4530-B178-EBD90A9E532C}.Debug|Any CPU.ActiveCfg = Debug|Any CPU
		{6BD15805-724B-4530-B178-EBD90A9E532C}.Debug|Any CPU.Build.0 = Debug|Any CPU
		{6BD15805-724B-4530-B178-EBD90A9E532C}.Debug|Any CPU.Deploy.0 = Debug|Any CPU
		{6BD15805-724B-4530-B178-EBD90A9E532C}.Debug|ARM.ActiveCfg = Debug|Any CPU
		{6BD15805-724B-4530-B178-EBD90A9E532C}.Debug|ARM.Build.0 = Debug|Any CPU
		{6BD15805-724B-4530-B178-EBD90A9E532C}.Debug|ARM.Deploy.0 = Debug|Any CPU
		{6BD15805-724B-4530-B178-EBD90A9E532C}.Debug|iPhone.ActiveCfg = Debug|Any CPU
		{6BD15805-724B-4530-B178-EBD90A9E532C}.Debug|iPhone.Build.0 = Debug|Any CPU
		{6BD15805-724B-4530-B178-EBD90A9E532C}.Debug|iPhone.Deploy.0 = Debug|Any CPU
		{6BD15805-724B-4530-B178-EBD90A9E532C}.Debug|iPhoneSimulator.ActiveCfg = Debug|Any CPU
		{6BD15805-724B-4530-B178-EBD90A9E532C}.Debug|iPhoneSimulator.Build.0 = Debug|Any CPU
		{6BD15805-724B-4530-B178-EBD90A9E532C}.Debug|iPhoneSimulator.Deploy.0 = Debug|Any CPU
		{6BD15805-724B-4530-B178-EBD90A9E532C}.Debug|x64.ActiveCfg = Debug|Any CPU
		{6BD15805-724B-4530-B178-EBD90A9E532C}.Debug|x64.Build.0 = Debug|Any CPU
		{6BD15805-724B-4530-B178-EBD90A9E532C}.Debug|x64.Deploy.0 = Debug|Any CPU
		{6BD15805-724B-4530-B178-EBD90A9E532C}.Debug|x86.ActiveCfg = Debug|Any CPU
		{6BD15805-724B-4530-B178-EBD90A9E532C}.Debug|x86.Build.0 = Debug|Any CPU
		{6BD15805-724B-4530-B178-EBD90A9E532C}.Debug|x86.Deploy.0 = Debug|Any CPU
		{6BD15805-724B-4530-B178-EBD90A9E532C}.Release|Any CPU.ActiveCfg = Release|Any CPU
		{6BD15805-724B-4530-B178-EBD90A9E532C}.Release|Any CPU.Build.0 = Release|Any CPU
		{6BD15805-724B-4530-B178-EBD90A9E532C}.Release|Any CPU.Deploy.0 = Release|Any CPU
		{6BD15805-724B-4530-B178-EBD90A9E532C}.Release|ARM.ActiveCfg = Release|Any CPU
		{6BD15805-724B-4530-B178-EBD90A9E532C}.Release|ARM.Build.0 = Release|Any CPU
		{6BD15805-724B-4530-B178-EBD90A9E532C}.Release|ARM.Deploy.0 = Release|Any CPU
		{6BD15805-724B-4530-B178-EBD90A9E532C}.Release|iPhone.ActiveCfg = Release|Any CPU
		{6BD15805-724B-4530-B178-EBD90A9E532C}.Release|iPhone.Build.0 = Release|Any CPU
		{6BD15805-724B-4530-B178-EBD90A9E532C}.Release|iPhone.Deploy.0 = Release|Any CPU
		{6BD15805-724B-4530-B178-EBD90A9E532C}.Release|iPhoneSimulator.ActiveCfg = Release|Any CPU
		{6BD15805-724B-4530-B178-EBD90A9E532C}.Release|iPhoneSimulator.Build.0 = Release|Any CPU
		{6BD15805-724B-4530-B178-EBD90A9E532C}.Release|iPhoneSimulator.Deploy.0 = Release|Any CPU
		{6BD15805-724B-4530-B178-EBD90A9E532C}.Release|x64.ActiveCfg = Release|Any CPU
		{6BD15805-724B-4530-B178-EBD90A9E532C}.Release|x64.Build.0 = Release|Any CPU
		{6BD15805-724B-4530-B178-EBD90A9E532C}.Release|x64.Deploy.0 = Release|Any CPU
		{6BD15805-724B-4530-B178-EBD90A9E532C}.Release|x86.ActiveCfg = Release|Any CPU
		{6BD15805-724B-4530-B178-EBD90A9E532C}.Release|x86.Build.0 = Release|Any CPU
		{6BD15805-724B-4530-B178-EBD90A9E532C}.Release|x86.Deploy.0 = Release|Any CPU
		{62F2EF5B-C80E-467E-BFDE-E751F67E8AD2}.Ad-Hoc|Any CPU.ActiveCfg = Ad-Hoc|iPhone
		{62F2EF5B-C80E-467E-BFDE-E751F67E8AD2}.Ad-Hoc|ARM.ActiveCfg = Ad-Hoc|iPhone
		{62F2EF5B-C80E-467E-BFDE-E751F67E8AD2}.Ad-Hoc|iPhone.ActiveCfg = Ad-Hoc|iPhone
		{62F2EF5B-C80E-467E-BFDE-E751F67E8AD2}.Ad-Hoc|iPhone.Build.0 = Ad-Hoc|iPhone
		{62F2EF5B-C80E-467E-BFDE-E751F67E8AD2}.Ad-Hoc|iPhoneSimulator.ActiveCfg = Ad-Hoc|iPhoneSimulator
		{62F2EF5B-C80E-467E-BFDE-E751F67E8AD2}.Ad-Hoc|iPhoneSimulator.Build.0 = Ad-Hoc|iPhoneSimulator
		{62F2EF5B-C80E-467E-BFDE-E751F67E8AD2}.Ad-Hoc|x64.ActiveCfg = Ad-Hoc|iPhone
		{62F2EF5B-C80E-467E-BFDE-E751F67E8AD2}.Ad-Hoc|x86.ActiveCfg = Ad-Hoc|iPhone
		{62F2EF5B-C80E-467E-BFDE-E751F67E8AD2}.AppStore|Any CPU.ActiveCfg = AppStore|iPhone
		{62F2EF5B-C80E-467E-BFDE-E751F67E8AD2}.AppStore|ARM.ActiveCfg = AppStore|iPhone
		{62F2EF5B-C80E-467E-BFDE-E751F67E8AD2}.AppStore|iPhone.ActiveCfg = AppStore|iPhone
		{62F2EF5B-C80E-467E-BFDE-E751F67E8AD2}.AppStore|iPhone.Build.0 = AppStore|iPhone
		{62F2EF5B-C80E-467E-BFDE-E751F67E8AD2}.AppStore|iPhoneSimulator.ActiveCfg = AppStore|iPhoneSimulator
		{62F2EF5B-C80E-467E-BFDE-E751F67E8AD2}.AppStore|iPhoneSimulator.Build.0 = AppStore|iPhoneSimulator
		{62F2EF5B-C80E-467E-BFDE-E751F67E8AD2}.AppStore|x64.ActiveCfg = AppStore|iPhone
		{62F2EF5B-C80E-467E-BFDE-E751F67E8AD2}.AppStore|x86.ActiveCfg = AppStore|iPhone
		{62F2EF5B-C80E-467E-BFDE-E751F67E8AD2}.Debug|Any CPU.ActiveCfg = Debug|iPhone
		{62F2EF5B-C80E-467E-BFDE-E751F67E8AD2}.Debug|Any CPU.Build.0 = Debug|iPhone
		{62F2EF5B-C80E-467E-BFDE-E751F67E8AD2}.Debug|ARM.ActiveCfg = Debug|iPhone
		{62F2EF5B-C80E-467E-BFDE-E751F67E8AD2}.Debug|iPhone.ActiveCfg = Debug|iPhone
		{62F2EF5B-C80E-467E-BFDE-E751F67E8AD2}.Debug|iPhone.Build.0 = Debug|iPhone
		{62F2EF5B-C80E-467E-BFDE-E751F67E8AD2}.Debug|iPhoneSimulator.ActiveCfg = Debug|iPhoneSimulator
		{62F2EF5B-C80E-467E-BFDE-E751F67E8AD2}.Debug|iPhoneSimulator.Build.0 = Debug|iPhoneSimulator
		{62F2EF5B-C80E-467E-BFDE-E751F67E8AD2}.Debug|x64.ActiveCfg = Debug|iPhone
		{62F2EF5B-C80E-467E-BFDE-E751F67E8AD2}.Debug|x86.ActiveCfg = Debug|iPhone
		{62F2EF5B-C80E-467E-BFDE-E751F67E8AD2}.Release|Any CPU.ActiveCfg = Release|iPhone
		{62F2EF5B-C80E-467E-BFDE-E751F67E8AD2}.Release|ARM.ActiveCfg = Release|iPhone
		{62F2EF5B-C80E-467E-BFDE-E751F67E8AD2}.Release|iPhone.ActiveCfg = Release|iPhone
		{62F2EF5B-C80E-467E-BFDE-E751F67E8AD2}.Release|iPhone.Build.0 = Release|iPhone
		{62F2EF5B-C80E-467E-BFDE-E751F67E8AD2}.Release|iPhoneSimulator.ActiveCfg = Release|iPhoneSimulator
		{62F2EF5B-C80E-467E-BFDE-E751F67E8AD2}.Release|iPhoneSimulator.Build.0 = Release|iPhoneSimulator
		{62F2EF5B-C80E-467E-BFDE-E751F67E8AD2}.Release|x64.ActiveCfg = Release|iPhone
		{62F2EF5B-C80E-467E-BFDE-E751F67E8AD2}.Release|x86.ActiveCfg = Release|iPhone
		{B1901113-5BE6-4A62-A43C-BF3EAD46F205}.Ad-Hoc|Any CPU.ActiveCfg = Release|x86
		{B1901113-5BE6-4A62-A43C-BF3EAD46F205}.Ad-Hoc|Any CPU.Build.0 = Release|x86
		{B1901113-5BE6-4A62-A43C-BF3EAD46F205}.Ad-Hoc|Any CPU.Deploy.0 = Release|x86
		{B1901113-5BE6-4A62-A43C-BF3EAD46F205}.Ad-Hoc|ARM.ActiveCfg = Release|ARM
		{B1901113-5BE6-4A62-A43C-BF3EAD46F205}.Ad-Hoc|ARM.Build.0 = Release|ARM
		{B1901113-5BE6-4A62-A43C-BF3EAD46F205}.Ad-Hoc|ARM.Deploy.0 = Release|ARM
		{B1901113-5BE6-4A62-A43C-BF3EAD46F205}.Ad-Hoc|iPhone.ActiveCfg = Release|x86
		{B1901113-5BE6-4A62-A43C-BF3EAD46F205}.Ad-Hoc|iPhone.Build.0 = Release|x86
		{B1901113-5BE6-4A62-A43C-BF3EAD46F205}.Ad-Hoc|iPhone.Deploy.0 = Release|x86
		{B1901113-5BE6-4A62-A43C-BF3EAD46F205}.Ad-Hoc|iPhoneSimulator.ActiveCfg = Release|x86
		{B1901113-5BE6-4A62-A43C-BF3EAD46F205}.Ad-Hoc|iPhoneSimulator.Build.0 = Release|x86
		{B1901113-5BE6-4A62-A43C-BF3EAD46F205}.Ad-Hoc|iPhoneSimulator.Deploy.0 = Release|x86
		{B1901113-5BE6-4A62-A43C-BF3EAD46F205}.Ad-Hoc|x64.ActiveCfg = Release|x64
		{B1901113-5BE6-4A62-A43C-BF3EAD46F205}.Ad-Hoc|x64.Build.0 = Release|x64
		{B1901113-5BE6-4A62-A43C-BF3EAD46F205}.Ad-Hoc|x64.Deploy.0 = Release|x64
		{B1901113-5BE6-4A62-A43C-BF3EAD46F205}.Ad-Hoc|x86.ActiveCfg = Release|x86
		{B1901113-5BE6-4A62-A43C-BF3EAD46F205}.Ad-Hoc|x86.Build.0 = Release|x86
		{B1901113-5BE6-4A62-A43C-BF3EAD46F205}.Ad-Hoc|x86.Deploy.0 = Release|x86
		{B1901113-5BE6-4A62-A43C-BF3EAD46F205}.AppStore|Any CPU.ActiveCfg = Release|x86
		{B1901113-5BE6-4A62-A43C-BF3EAD46F205}.AppStore|Any CPU.Build.0 = Release|x86
		{B1901113-5BE6-4A62-A43C-BF3EAD46F205}.AppStore|Any CPU.Deploy.0 = Release|x86
		{B1901113-5BE6-4A62-A43C-BF3EAD46F205}.AppStore|ARM.ActiveCfg = Release|ARM
		{B1901113-5BE6-4A62-A43C-BF3EAD46F205}.AppStore|ARM.Build.0 = Release|ARM
		{B1901113-5BE6-4A62-A43C-BF3EAD46F205}.AppStore|ARM.Deploy.0 = Release|ARM
		{B1901113-5BE6-4A62-A43C-BF3EAD46F205}.AppStore|iPhone.ActiveCfg = Release|x86
		{B1901113-5BE6-4A62-A43C-BF3EAD46F205}.AppStore|iPhone.Build.0 = Release|x86
		{B1901113-5BE6-4A62-A43C-BF3EAD46F205}.AppStore|iPhone.Deploy.0 = Release|x86
		{B1901113-5BE6-4A62-A43C-BF3EAD46F205}.AppStore|iPhoneSimulator.ActiveCfg = Release|x86
		{B1901113-5BE6-4A62-A43C-BF3EAD46F205}.AppStore|iPhoneSimulator.Build.0 = Release|x86
		{B1901113-5BE6-4A62-A43C-BF3EAD46F205}.AppStore|iPhoneSimulator.Deploy.0 = Release|x86
		{B1901113-5BE6-4A62-A43C-BF3EAD46F205}.AppStore|x64.ActiveCfg = Release|x64
		{B1901113-5BE6-4A62-A43C-BF3EAD46F205}.AppStore|x64.Build.0 = Release|x64
		{B1901113-5BE6-4A62-A43C-BF3EAD46F205}.AppStore|x64.Deploy.0 = Release|x64
		{B1901113-5BE6-4A62-A43C-BF3EAD46F205}.AppStore|x86.ActiveCfg = Release|x86
		{B1901113-5BE6-4A62-A43C-BF3EAD46F205}.AppStore|x86.Build.0 = Release|x86
		{B1901113-5BE6-4A62-A43C-BF3EAD46F205}.AppStore|x86.Deploy.0 = Release|x86
		{B1901113-5BE6-4A62-A43C-BF3EAD46F205}.Debug|Any CPU.ActiveCfg = Debug|x86
		{B1901113-5BE6-4A62-A43C-BF3EAD46F205}.Debug|Any CPU.Build.0 = Debug|x86
		{B1901113-5BE6-4A62-A43C-BF3EAD46F205}.Debug|Any CPU.Deploy.0 = Debug|x86
		{B1901113-5BE6-4A62-A43C-BF3EAD46F205}.Debug|ARM.ActiveCfg = Debug|ARM
		{B1901113-5BE6-4A62-A43C-BF3EAD46F205}.Debug|ARM.Build.0 = Debug|ARM
		{B1901113-5BE6-4A62-A43C-BF3EAD46F205}.Debug|ARM.Deploy.0 = Debug|ARM
		{B1901113-5BE6-4A62-A43C-BF3EAD46F205}.Debug|iPhone.ActiveCfg = Debug|x86
		{B1901113-5BE6-4A62-A43C-BF3EAD46F205}.Debug|iPhoneSimulator.ActiveCfg = Debug|x86
		{B1901113-5BE6-4A62-A43C-BF3EAD46F205}.Debug|x64.ActiveCfg = Debug|x64
		{B1901113-5BE6-4A62-A43C-BF3EAD46F205}.Debug|x64.Build.0 = Debug|x64
		{B1901113-5BE6-4A62-A43C-BF3EAD46F205}.Debug|x64.Deploy.0 = Debug|x64
		{B1901113-5BE6-4A62-A43C-BF3EAD46F205}.Debug|x86.ActiveCfg = Debug|x86
		{B1901113-5BE6-4A62-A43C-BF3EAD46F205}.Debug|x86.Build.0 = Debug|x86
		{B1901113-5BE6-4A62-A43C-BF3EAD46F205}.Debug|x86.Deploy.0 = Debug|x86
		{B1901113-5BE6-4A62-A43C-BF3EAD46F205}.Release|Any CPU.ActiveCfg = Release|x86
		{B1901113-5BE6-4A62-A43C-BF3EAD46F205}.Release|ARM.ActiveCfg = Release|ARM
		{B1901113-5BE6-4A62-A43C-BF3EAD46F205}.Release|ARM.Build.0 = Release|ARM
		{B1901113-5BE6-4A62-A43C-BF3EAD46F205}.Release|ARM.Deploy.0 = Release|ARM
		{B1901113-5BE6-4A62-A43C-BF3EAD46F205}.Release|iPhone.ActiveCfg = Release|x86
		{B1901113-5BE6-4A62-A43C-BF3EAD46F205}.Release|iPhoneSimulator.ActiveCfg = Release|x86
		{B1901113-5BE6-4A62-A43C-BF3EAD46F205}.Release|x64.ActiveCfg = Release|x64
		{B1901113-5BE6-4A62-A43C-BF3EAD46F205}.Release|x64.Build.0 = Release|x64
		{B1901113-5BE6-4A62-A43C-BF3EAD46F205}.Release|x64.Deploy.0 = Release|x64
		{B1901113-5BE6-4A62-A43C-BF3EAD46F205}.Release|x86.ActiveCfg = Release|x86
		{B1901113-5BE6-4A62-A43C-BF3EAD46F205}.Release|x86.Build.0 = Release|x86
		{B1901113-5BE6-4A62-A43C-BF3EAD46F205}.Release|x86.Deploy.0 = Release|x86
	EndGlobalSection
	GlobalSection(SolutionProperties) = preSolution
		HideSolutionNode = FALSE
	EndGlobalSection
EndGlobal
