
Microsoft Visual Studio Solution File, Format Version 12.00
# Visual Studio 14
VisualStudioVersion = 14.0.25420.1
MinimumVisualStudioVersion = 10.0.40219.1
Project("{FAE04EC0-301F-11D3-BF4B-00C04F79EFBC}") = "XFTask", "XFTask\XFTask\XFTask.csproj", "{A918FE3E-7EDB-40A3-A949-8E1C462D0FF4}"
EndProject
Project("{FAE04EC0-301F-11D3-BF4B-00C04F79EFBC}") = "XFTask.Droid", "XFTask\XFTask.Droid\XFTask.Droid.csproj", "{1DB94A01-7219-4E4B-940A-3C410DED1A88}"
EndProject
Project("{FAE04EC0-301F-11D3-BF4B-00C04F79EFBC}") = "XFTask.iOS", "XFTask\XFTask.iOS\XFTask.iOS.csproj", "{151E9121-A3FC-4857-95F1-BA5091B23C46}"
EndProject
Project("{FAE04EC0-301F-11D3-BF4B-00C04F79EFBC}") = "XFTask.UWP", "XFTask\XFTask.UWP\XFTask.UWP.csproj", "{26F584D0-7B85-4409-96BE-B3A611DAE301}"
EndProject
Global
	GlobalSection(SolutionConfigurationPlatforms) = preSolution
		Ad-Hoc|Any CPU = Ad-Hoc|Any CPU
		Ad-Hoc|ARM = Ad-Hoc|ARM
		Ad-Hoc|iPhone = Ad-Hoc|iPhone
		Ad-Hoc|iPhoneSimulator = Ad-Hoc|iPhoneSimulator
		Ad-Hoc|x64 = Ad-Hoc|x64
		Ad-Hoc|x86 = Ad-Hoc|x86
		AppStore|Any CPU = AppStore|Any CPU
		AppStore|ARM = AppStore|ARM
		AppStore|iPhone = AppStore|iPhone
		AppStore|iPhoneSimulator = AppStore|iPhoneSimulator
		AppStore|x64 = AppStore|x64
		AppStore|x86 = AppStore|x86
		Debug|Any CPU = Debug|Any CPU
		Debug|ARM = Debug|ARM
		Debug|iPhone = Debug|iPhone
		Debug|iPhoneSimulator = Debug|iPhoneSimulator
		Debug|x64 = Debug|x64
		Debug|x86 = Debug|x86
		Release|Any CPU = Release|Any CPU
		Release|ARM = Release|ARM
		Release|iPhone = Release|iPhone
		Release|iPhoneSimulator = Release|iPhoneSimulator
		Release|x64 = Release|x64
		Release|x86 = Release|x86
	EndGlobalSection
	GlobalSection(ProjectConfigurationPlatforms) = postSolution
		{A918FE3E-7EDB-40A3-A949-8E1C462D0FF4}.Ad-Hoc|Any CPU.ActiveCfg = Release|Any CPU
		{A918FE3E-7EDB-40A3-A949-8E1C462D0FF4}.Ad-Hoc|Any CPU.Build.0 = Release|Any CPU
		{A918FE3E-7EDB-40A3-A949-8E1C462D0FF4}.Ad-Hoc|ARM.ActiveCfg = Release|Any CPU
		{A918FE3E-7EDB-40A3-A949-8E1C462D0FF4}.Ad-Hoc|ARM.Build.0 = Release|Any CPU
		{A918FE3E-7EDB-40A3-A949-8E1C462D0FF4}.Ad-Hoc|iPhone.ActiveCfg = Release|Any CPU
		{A918FE3E-7EDB-40A3-A949-8E1C462D0FF4}.Ad-Hoc|iPhone.Build.0 = Release|Any CPU
		{A918FE3E-7EDB-40A3-A949-8E1C462D0FF4}.Ad-Hoc|iPhoneSimulator.ActiveCfg = Release|Any CPU
		{A918FE3E-7EDB-40A3-A949-8E1C462D0FF4}.Ad-Hoc|iPhoneSimulator.Build.0 = Release|Any CPU
		{A918FE3E-7EDB-40A3-A949-8E1C462D0FF4}.Ad-Hoc|x64.ActiveCfg = Release|Any CPU
		{A918FE3E-7EDB-40A3-A949-8E1C462D0FF4}.Ad-Hoc|x64.Build.0 = Release|Any CPU
		{A918FE3E-7EDB-40A3-A949-8E1C462D0FF4}.Ad-Hoc|x86.ActiveCfg = Release|Any CPU
		{A918FE3E-7EDB-40A3-A949-8E1C462D0FF4}.Ad-Hoc|x86.Build.0 = Release|Any CPU
		{A918FE3E-7EDB-40A3-A949-8E1C462D0FF4}.AppStore|Any CPU.ActiveCfg = Release|Any CPU
		{A918FE3E-7EDB-40A3-A949-8E1C462D0FF4}.AppStore|Any CPU.Build.0 = Release|Any CPU
		{A918FE3E-7EDB-40A3-A949-8E1C462D0FF4}.AppStore|ARM.ActiveCfg = Release|Any CPU
		{A918FE3E-7EDB-40A3-A949-8E1C462D0FF4}.AppStore|ARM.Build.0 = Release|Any CPU
		{A918FE3E-7EDB-40A3-A949-8E1C462D0FF4}.AppStore|iPhone.ActiveCfg = Release|Any CPU
		{A918FE3E-7EDB-40A3-A949-8E1C462D0FF4}.AppStore|iPhone.Build.0 = Release|Any CPU
		{A918FE3E-7EDB-40A3-A949-8E1C462D0FF4}.AppStore|iPhoneSimulator.ActiveCfg = Release|Any CPU
		{A918FE3E-7EDB-40A3-A949-8E1C462D0FF4}.AppStore|iPhoneSimulator.Build.0 = Release|Any CPU
		{A918FE3E-7EDB-40A3-A949-8E1C462D0FF4}.AppStore|x64.ActiveCfg = Release|Any CPU
		{A918FE3E-7EDB-40A3-A949-8E1C462D0FF4}.AppStore|x64.Build.0 = Release|Any CPU
		{A918FE3E-7EDB-40A3-A949-8E1C462D0FF4}.AppStore|x86.ActiveCfg = Release|Any CPU
		{A918FE3E-7EDB-40A3-A949-8E1C462D0FF4}.AppStore|x86.Build.0 = Release|Any CPU
		{A918FE3E-7EDB-40A3-A949-8E1C462D0FF4}.Debug|Any CPU.ActiveCfg = Debug|Any CPU
		{A918FE3E-7EDB-40A3-A949-8E1C462D0FF4}.Debug|Any CPU.Build.0 = Debug|Any CPU
		{A918FE3E-7EDB-40A3-A949-8E1C462D0FF4}.Debug|ARM.ActiveCfg = Debug|Any CPU
		{A918FE3E-7EDB-40A3-A949-8E1C462D0FF4}.Debug|ARM.Build.0 = Debug|Any CPU
		{A918FE3E-7EDB-40A3-A949-8E1C462D0FF4}.Debug|iPhone.ActiveCfg = Debug|Any CPU
		{A918FE3E-7EDB-40A3-A949-8E1C462D0FF4}.Debug|iPhone.Build.0 = Debug|Any CPU
		{A918FE3E-7EDB-40A3-A949-8E1C462D0FF4}.Debug|iPhoneSimulator.ActiveCfg = Debug|Any CPU
		{A918FE3E-7EDB-40A3-A949-8E1C462D0FF4}.Debug|iPhoneSimulator.Build.0 = Debug|Any CPU
		{A918FE3E-7EDB-40A3-A949-8E1C462D0FF4}.Debug|x64.ActiveCfg = Debug|Any CPU
		{A918FE3E-7EDB-40A3-A949-8E1C462D0FF4}.Debug|x64.Build.0 = Debug|Any CPU
		{A918FE3E-7EDB-40A3-A949-8E1C462D0FF4}.Debug|x86.ActiveCfg = Debug|Any CPU
		{A918FE3E-7EDB-40A3-A949-8E1C462D0FF4}.Debug|x86.Build.0 = Debug|Any CPU
		{A918FE3E-7EDB-40A3-A949-8E1C462D0FF4}.Release|Any CPU.ActiveCfg = Release|Any CPU
		{A918FE3E-7EDB-40A3-A949-8E1C462D0FF4}.Release|Any CPU.Build.0 = Release|Any CPU
		{A918FE3E-7EDB-40A3-A949-8E1C462D0FF4}.Release|ARM.ActiveCfg = Release|Any CPU
		{A918FE3E-7EDB-40A3-A949-8E1C462D0FF4}.Release|ARM.Build.0 = Release|Any CPU
		{A918FE3E-7EDB-40A3-A949-8E1C462D0FF4}.Release|iPhone.ActiveCfg = Release|Any CPU
		{A918FE3E-7EDB-40A3-A949-8E1C462D0FF4}.Release|iPhone.Build.0 = Release|Any CPU
		{A918FE3E-7EDB-40A3-A949-8E1C462D0FF4}.Release|iPhoneSimulator.ActiveCfg = Release|Any CPU
		{A918FE3E-7EDB-40A3-A949-8E1C462D0FF4}.Release|iPhoneSimulator.Build.0 = Release|Any CPU
		{A918FE3E-7EDB-40A3-A949-8E1C462D0FF4}.Release|x64.ActiveCfg = Release|Any CPU
		{A918FE3E-7EDB-40A3-A949-8E1C462D0FF4}.Release|x64.Build.0 = Release|Any CPU
		{A918FE3E-7EDB-40A3-A949-8E1C462D0FF4}.Release|x86.ActiveCfg = Release|Any CPU
		{A918FE3E-7EDB-40A3-A949-8E1C462D0FF4}.Release|x86.Build.0 = Release|Any CPU
		{1DB94A01-7219-4E4B-940A-3C410DED1A88}.Ad-Hoc|Any CPU.ActiveCfg = Release|Any CPU
		{1DB94A01-7219-4E4B-940A-3C410DED1A88}.Ad-Hoc|Any CPU.Build.0 = Release|Any CPU
		{1DB94A01-7219-4E4B-940A-3C410DED1A88}.Ad-Hoc|Any CPU.Deploy.0 = Release|Any CPU
		{1DB94A01-7219-4E4B-940A-3C410DED1A88}.Ad-Hoc|ARM.ActiveCfg = Release|Any CPU
		{1DB94A01-7219-4E4B-940A-3C410DED1A88}.Ad-Hoc|ARM.Build.0 = Release|Any CPU
		{1DB94A01-7219-4E4B-940A-3C410DED1A88}.Ad-Hoc|ARM.Deploy.0 = Release|Any CPU
		{1DB94A01-7219-4E4B-940A-3C410DED1A88}.Ad-Hoc|iPhone.ActiveCfg = Release|Any CPU
		{1DB94A01-7219-4E4B-940A-3C410DED1A88}.Ad-Hoc|iPhone.Build.0 = Release|Any CPU
		{1DB94A01-7219-4E4B-940A-3C410DED1A88}.Ad-Hoc|iPhone.Deploy.0 = Release|Any CPU
		{1DB94A01-7219-4E4B-940A-3C410DED1A88}.Ad-Hoc|iPhoneSimulator.ActiveCfg = Release|Any CPU
		{1DB94A01-7219-4E4B-940A-3C410DED1A88}.Ad-Hoc|iPhoneSimulator.Build.0 = Release|Any CPU
		{1DB94A01-7219-4E4B-940A-3C410DED1A88}.Ad-Hoc|iPhoneSimulator.Deploy.0 = Release|Any CPU
		{1DB94A01-7219-4E4B-940A-3C410DED1A88}.Ad-Hoc|x64.ActiveCfg = Release|Any CPU
		{1DB94A01-7219-4E4B-940A-3C410DED1A88}.Ad-Hoc|x64.Build.0 = Release|Any CPU
		{1DB94A01-7219-4E4B-940A-3C410DED1A88}.Ad-Hoc|x64.Deploy.0 = Release|Any CPU
		{1DB94A01-7219-4E4B-940A-3C410DED1A88}.Ad-Hoc|x86.ActiveCfg = Release|Any CPU
		{1DB94A01-7219-4E4B-940A-3C410DED1A88}.Ad-Hoc|x86.Build.0 = Release|Any CPU
		{1DB94A01-7219-4E4B-940A-3C410DED1A88}.Ad-Hoc|x86.Deploy.0 = Release|Any CPU
		{1DB94A01-7219-4E4B-940A-3C410DED1A88}.AppStore|Any CPU.ActiveCfg = Release|Any CPU
		{1DB94A01-7219-4E4B-940A-3C410DED1A88}.AppStore|Any CPU.Build.0 = Release|Any CPU
		{1DB94A01-7219-4E4B-940A-3C410DED1A88}.AppStore|Any CPU.Deploy.0 = Release|Any CPU
		{1DB94A01-7219-4E4B-940A-3C410DED1A88}.AppStore|ARM.ActiveCfg = Release|Any CPU
		{1DB94A01-7219-4E4B-940A-3C410DED1A88}.AppStore|ARM.Build.0 = Release|Any CPU
		{1DB94A01-7219-4E4B-940A-3C410DED1A88}.AppStore|ARM.Deploy.0 = Release|Any CPU
		{1DB94A01-7219-4E4B-940A-3C410DED1A88}.AppStore|iPhone.ActiveCfg = Release|Any CPU
		{1DB94A01-7219-4E4B-940A-3C410DED1A88}.AppStore|iPhone.Build.0 = Release|Any CPU
		{1DB94A01-7219-4E4B-940A-3C410DED1A88}.AppStore|iPhone.Deploy.0 = Release|Any CPU
		{1DB94A01-7219-4E4B-940A-3C410DED1A88}.AppStore|iPhoneSimulator.ActiveCfg = Release|Any CPU
		{1DB94A01-7219-4E4B-940A-3C410DED1A88}.AppStore|iPhoneSimulator.Build.0 = Release|Any CPU
		{1DB94A01-7219-4E4B-940A-3C410DED1A88}.AppStore|iPhoneSimulator.Deploy.0 = Release|Any CPU
		{1DB94A01-7219-4E4B-940A-3C410DED1A88}.AppStore|x64.ActiveCfg = Release|Any CPU
		{1DB94A01-7219-4E4B-940A-3C410DED1A88}.AppStore|x64.Build.0 = Release|Any CPU
		{1DB94A01-7219-4E4B-940A-3C410DED1A88}.AppStore|x64.Deploy.0 = Release|Any CPU
		{1DB94A01-7219-4E4B-940A-3C410DED1A88}.AppStore|x86.ActiveCfg = Release|Any CPU
		{1DB94A01-7219-4E4B-940A-3C410DED1A88}.AppStore|x86.Build.0 = Release|Any CPU
		{1DB94A01-7219-4E4B-940A-3C410DED1A88}.AppStore|x86.Deploy.0 = Release|Any CPU
		{1DB94A01-7219-4E4B-940A-3C410DED1A88}.Debug|Any CPU.ActiveCfg = Debug|Any CPU
		{1DB94A01-7219-4E4B-940A-3C410DED1A88}.Debug|Any CPU.Build.0 = Debug|Any CPU
		{1DB94A01-7219-4E4B-940A-3C410DED1A88}.Debug|Any CPU.Deploy.0 = Debug|Any CPU
		{1DB94A01-7219-4E4B-940A-3C410DED1A88}.Debug|ARM.ActiveCfg = Debug|Any CPU
		{1DB94A01-7219-4E4B-940A-3C410DED1A88}.Debug|ARM.Build.0 = Debug|Any CPU
		{1DB94A01-7219-4E4B-940A-3C410DED1A88}.Debug|ARM.Deploy.0 = Debug|Any CPU
		{1DB94A01-7219-4E4B-940A-3C410DED1A88}.Debug|iPhone.ActiveCfg = Debug|Any CPU
		{1DB94A01-7219-4E4B-940A-3C410DED1A88}.Debug|iPhone.Build.0 = Debug|Any CPU
		{1DB94A01-7219-4E4B-940A-3C410DED1A88}.Debug|iPhone.Deploy.0 = Debug|Any CPU
		{1DB94A01-7219-4E4B-940A-3C410DED1A88}.Debug|iPhoneSimulator.ActiveCfg = Debug|Any CPU
		{1DB94A01-7219-4E4B-940A-3C410DED1A88}.Debug|iPhoneSimulator.Build.0 = Debug|Any CPU
		{1DB94A01-7219-4E4B-940A-3C410DED1A88}.Debug|iPhoneSimulator.Deploy.0 = Debug|Any CPU
		{1DB94A01-7219-4E4B-940A-3C410DED1A88}.Debug|x64.ActiveCfg = Debug|Any CPU
		{1DB94A01-7219-4E4B-940A-3C410DED1A88}.Debug|x64.Build.0 = Debug|Any CPU
		{1DB94A01-7219-4E4B-940A-3C410DED1A88}.Debug|x64.Deploy.0 = Debug|Any CPU
		{1DB94A01-7219-4E4B-940A-3C410DED1A88}.Debug|x86.ActiveCfg = Debug|Any CPU
		{1DB94A01-7219-4E4B-940A-3C410DED1A88}.Debug|x86.Build.0 = Debug|Any CPU
		{1DB94A01-7219-4E4B-940A-3C410DED1A88}.Debug|x86.Deploy.0 = Debug|Any CPU
		{1DB94A01-7219-4E4B-940A-3C410DED1A88}.Release|Any CPU.ActiveCfg = Release|Any CPU
		{1DB94A01-7219-4E4B-940A-3C410DED1A88}.Release|Any CPU.Build.0 = Release|Any CPU
		{1DB94A01-7219-4E4B-940A-3C410DED1A88}.Release|Any CPU.Deploy.0 = Release|Any CPU
		{1DB94A01-7219-4E4B-940A-3C410DED1A88}.Release|ARM.ActiveCfg = Release|Any CPU
		{1DB94A01-7219-4E4B-940A-3C410DED1A88}.Release|ARM.Build.0 = Release|Any CPU
		{1DB94A01-7219-4E4B-940A-3C410DED1A88}.Release|ARM.Deploy.0 = Release|Any CPU
		{1DB94A01-7219-4E4B-940A-3C410DED1A88}.Release|iPhone.ActiveCfg = Release|Any CPU
		{1DB94A01-7219-4E4B-940A-3C410DED1A88}.Release|iPhone.Build.0 = Release|Any CPU
		{1DB94A01-7219-4E4B-940A-3C410DED1A88}.Release|iPhone.Deploy.0 = Release|Any CPU
		{1DB94A01-7219-4E4B-940A-3C410DED1A88}.Release|iPhoneSimulator.ActiveCfg = Release|Any CPU
		{1DB94A01-7219-4E4B-940A-3C410DED1A88}.Release|iPhoneSimulator.Build.0 = Release|Any CPU
		{1DB94A01-7219-4E4B-940A-3C410DED1A88}.Release|iPhoneSimulator.Deploy.0 = Release|Any CPU
		{1DB94A01-7219-4E4B-940A-3C410DED1A88}.Release|x64.ActiveCfg = Release|Any CPU
		{1DB94A01-7219-4E4B-940A-3C410DED1A88}.Release|x64.Build.0 = Release|Any CPU
		{1DB94A01-7219-4E4B-940A-3C410DED1A88}.Release|x64.Deploy.0 = Release|Any CPU
		{1DB94A01-7219-4E4B-940A-3C410DED1A88}.Release|x86.ActiveCfg = Release|Any CPU
		{1DB94A01-7219-4E4B-940A-3C410DED1A88}.Release|x86.Build.0 = Release|Any CPU
		{1DB94A01-7219-4E4B-940A-3C410DED1A88}.Release|x86.Deploy.0 = Release|Any CPU
		{151E9121-A3FC-4857-95F1-BA5091B23C46}.Ad-Hoc|Any CPU.ActiveCfg = Ad-Hoc|iPhone
		{151E9121-A3FC-4857-95F1-BA5091B23C46}.Ad-Hoc|ARM.ActiveCfg = Ad-Hoc|iPhone
		{151E9121-A3FC-4857-95F1-BA5091B23C46}.Ad-Hoc|iPhone.ActiveCfg = Ad-Hoc|iPhone
		{151E9121-A3FC-4857-95F1-BA5091B23C46}.Ad-Hoc|iPhone.Build.0 = Ad-Hoc|iPhone
		{151E9121-A3FC-4857-95F1-BA5091B23C46}.Ad-Hoc|iPhoneSimulator.ActiveCfg = Ad-Hoc|iPhoneSimulator
		{151E9121-A3FC-4857-95F1-BA5091B23C46}.Ad-Hoc|iPhoneSimulator.Build.0 = Ad-Hoc|iPhoneSimulator
		{151E9121-A3FC-4857-95F1-BA5091B23C46}.Ad-Hoc|x64.ActiveCfg = Ad-Hoc|iPhone
		{151E9121-A3FC-4857-95F1-BA5091B23C46}.Ad-Hoc|x86.ActiveCfg = Ad-Hoc|iPhone
		{151E9121-A3FC-4857-95F1-BA5091B23C46}.AppStore|Any CPU.ActiveCfg = AppStore|iPhone
		{151E9121-A3FC-4857-95F1-BA5091B23C46}.AppStore|ARM.ActiveCfg = AppStore|iPhone
		{151E9121-A3FC-4857-95F1-BA5091B23C46}.AppStore|iPhone.ActiveCfg = AppStore|iPhone
		{151E9121-A3FC-4857-95F1-BA5091B23C46}.AppStore|iPhone.Build.0 = AppStore|iPhone
		{151E9121-A3FC-4857-95F1-BA5091B23C46}.AppStore|iPhoneSimulator.ActiveCfg = AppStore|iPhoneSimulator
		{151E9121-A3FC-4857-95F1-BA5091B23C46}.AppStore|iPhoneSimulator.Build.0 = AppStore|iPhoneSimulator
		{151E9121-A3FC-4857-95F1-BA5091B23C46}.AppStore|x64.ActiveCfg = AppStore|iPhone
		{151E9121-A3FC-4857-95F1-BA5091B23C46}.AppStore|x86.ActiveCfg = AppStore|iPhone
		{151E9121-A3FC-4857-95F1-BA5091B23C46}.Debug|Any CPU.ActiveCfg = Debug|iPhone
		{151E9121-A3FC-4857-95F1-BA5091B23C46}.Debug|Any CPU.Build.0 = Debug|iPhone
		{151E9121-A3FC-4857-95F1-BA5091B23C46}.Debug|ARM.ActiveCfg = Debug|iPhone
		{151E9121-A3FC-4857-95F1-BA5091B23C46}.Debug|iPhone.ActiveCfg = Debug|iPhone
		{151E9121-A3FC-4857-95F1-BA5091B23C46}.Debug|iPhone.Build.0 = Debug|iPhone
		{151E9121-A3FC-4857-95F1-BA5091B23C46}.Debug|iPhoneSimulator.ActiveCfg = Debug|iPhoneSimulator
		{151E9121-A3FC-4857-95F1-BA5091B23C46}.Debug|iPhoneSimulator.Build.0 = Debug|iPhoneSimulator
		{151E9121-A3FC-4857-95F1-BA5091B23C46}.Debug|x64.ActiveCfg = Debug|iPhone
		{151E9121-A3FC-4857-95F1-BA5091B23C46}.Debug|x86.ActiveCfg = Debug|iPhone
		{151E9121-A3FC-4857-95F1-BA5091B23C46}.Release|Any CPU.ActiveCfg = Release|iPhone
		{151E9121-A3FC-4857-95F1-BA5091B23C46}.Release|ARM.ActiveCfg = Release|iPhone
		{151E9121-A3FC-4857-95F1-BA5091B23C46}.Release|iPhone.ActiveCfg = Release|iPhone
		{151E9121-A3FC-4857-95F1-BA5091B23C46}.Release|iPhone.Build.0 = Release|iPhone
		{151E9121-A3FC-4857-95F1-BA5091B23C46}.Release|iPhoneSimulator.ActiveCfg = Release|iPhoneSimulator
		{151E9121-A3FC-4857-95F1-BA5091B23C46}.Release|iPhoneSimulator.Build.0 = Release|iPhoneSimulator
		{151E9121-A3FC-4857-95F1-BA5091B23C46}.Release|x64.ActiveCfg = Release|iPhone
		{151E9121-A3FC-4857-95F1-BA5091B23C46}.Release|x86.ActiveCfg = Release|iPhone
		{26F584D0-7B85-4409-96BE-B3A611DAE301}.Ad-Hoc|Any CPU.ActiveCfg = Release|x86
		{26F584D0-7B85-4409-96BE-B3A611DAE301}.Ad-Hoc|Any CPU.Build.0 = Release|x86
		{26F584D0-7B85-4409-96BE-B3A611DAE301}.Ad-Hoc|Any CPU.Deploy.0 = Release|x86
		{26F584D0-7B85-4409-96BE-B3A611DAE301}.Ad-Hoc|ARM.ActiveCfg = Release|ARM
		{26F584D0-7B85-4409-96BE-B3A611DAE301}.Ad-Hoc|ARM.Build.0 = Release|ARM
		{26F584D0-7B85-4409-96BE-B3A611DAE301}.Ad-Hoc|ARM.Deploy.0 = Release|ARM
		{26F584D0-7B85-4409-96BE-B3A611DAE301}.Ad-Hoc|iPhone.ActiveCfg = Release|x86
		{26F584D0-7B85-4409-96BE-B3A611DAE301}.Ad-Hoc|iPhone.Build.0 = Release|x86
		{26F584D0-7B85-4409-96BE-B3A611DAE301}.Ad-Hoc|iPhone.Deploy.0 = Release|x86
		{26F584D0-7B85-4409-96BE-B3A611DAE301}.Ad-Hoc|iPhoneSimulator.ActiveCfg = Release|x86
		{26F584D0-7B85-4409-96BE-B3A611DAE301}.Ad-Hoc|iPhoneSimulator.Build.0 = Release|x86
		{26F584D0-7B85-4409-96BE-B3A611DAE301}.Ad-Hoc|iPhoneSimulator.Deploy.0 = Release|x86
		{26F584D0-7B85-4409-96BE-B3A611DAE301}.Ad-Hoc|x64.ActiveCfg = Release|x64
		{26F584D0-7B85-4409-96BE-B3A611DAE301}.Ad-Hoc|x64.Build.0 = Release|x64
		{26F584D0-7B85-4409-96BE-B3A611DAE301}.Ad-Hoc|x64.Deploy.0 = Release|x64
		{26F584D0-7B85-4409-96BE-B3A611DAE301}.Ad-Hoc|x86.ActiveCfg = Release|x86
		{26F584D0-7B85-4409-96BE-B3A611DAE301}.Ad-Hoc|x86.Build.0 = Release|x86
		{26F584D0-7B85-4409-96BE-B3A611DAE301}.Ad-Hoc|x86.Deploy.0 = Release|x86
		{26F584D0-7B85-4409-96BE-B3A611DAE301}.AppStore|Any CPU.ActiveCfg = Release|x86
		{26F584D0-7B85-4409-96BE-B3A611DAE301}.AppStore|Any CPU.Build.0 = Release|x86
		{26F584D0-7B85-4409-96BE-B3A611DAE301}.AppStore|Any CPU.Deploy.0 = Release|x86
		{26F584D0-7B85-4409-96BE-B3A611DAE301}.AppStore|ARM.ActiveCfg = Release|ARM
		{26F584D0-7B85-4409-96BE-B3A611DAE301}.AppStore|ARM.Build.0 = Release|ARM
		{26F584D0-7B85-4409-96BE-B3A611DAE301}.AppStore|ARM.Deploy.0 = Release|ARM
		{26F584D0-7B85-4409-96BE-B3A611DAE301}.AppStore|iPhone.ActiveCfg = Release|x86
		{26F584D0-7B85-4409-96BE-B3A611DAE301}.AppStore|iPhone.Build.0 = Release|x86
		{26F584D0-7B85-4409-96BE-B3A611DAE301}.AppStore|iPhone.Deploy.0 = Release|x86
		{26F584D0-7B85-4409-96BE-B3A611DAE301}.AppStore|iPhoneSimulator.ActiveCfg = Release|x86
		{26F584D0-7B85-4409-96BE-B3A611DAE301}.AppStore|iPhoneSimulator.Build.0 = Release|x86
		{26F584D0-7B85-4409-96BE-B3A611DAE301}.AppStore|iPhoneSimulator.Deploy.0 = Release|x86
		{26F584D0-7B85-4409-96BE-B3A611DAE301}.AppStore|x64.ActiveCfg = Release|x64
		{26F584D0-7B85-4409-96BE-B3A611DAE301}.AppStore|x64.Build.0 = Release|x64
		{26F584D0-7B85-4409-96BE-B3A611DAE301}.AppStore|x64.Deploy.0 = Release|x64
		{26F584D0-7B85-4409-96BE-B3A611DAE301}.AppStore|x86.ActiveCfg = Release|x86
		{26F584D0-7B85-4409-96BE-B3A611DAE301}.AppStore|x86.Build.0 = Release|x86
		{26F584D0-7B85-4409-96BE-B3A611DAE301}.AppStore|x86.Deploy.0 = Release|x86
		{26F584D0-7B85-4409-96BE-B3A611DAE301}.Debug|Any CPU.ActiveCfg = Debug|x86
		{26F584D0-7B85-4409-96BE-B3A611DAE301}.Debug|Any CPU.Build.0 = Debug|x86
		{26F584D0-7B85-4409-96BE-B3A611DAE301}.Debug|Any CPU.Deploy.0 = Debug|x86
		{26F584D0-7B85-4409-96BE-B3A611DAE301}.Debug|ARM.ActiveCfg = Debug|ARM
		{26F584D0-7B85-4409-96BE-B3A611DAE301}.Debug|ARM.Build.0 = Debug|ARM
		{26F584D0-7B85-4409-96BE-B3A611DAE301}.Debug|ARM.Deploy.0 = Debug|ARM
		{26F584D0-7B85-4409-96BE-B3A611DAE301}.Debug|iPhone.ActiveCfg = Debug|x86
		{26F584D0-7B85-4409-96BE-B3A611DAE301}.Debug|iPhoneSimulator.ActiveCfg = Debug|x86
		{26F584D0-7B85-4409-96BE-B3A611DAE301}.Debug|x64.ActiveCfg = Debug|x64
		{26F584D0-7B85-4409-96BE-B3A611DAE301}.Debug|x64.Build.0 = Debug|x64
		{26F584D0-7B85-4409-96BE-B3A611DAE301}.Debug|x64.Deploy.0 = Debug|x64
		{26F584D0-7B85-4409-96BE-B3A611DAE301}.Debug|x86.ActiveCfg = Debug|x86
		{26F584D0-7B85-4409-96BE-B3A611DAE301}.Debug|x86.Build.0 = Debug|x86
		{26F584D0-7B85-4409-96BE-B3A611DAE301}.Debug|x86.Deploy.0 = Debug|x86
		{26F584D0-7B85-4409-96BE-B3A611DAE301}.Release|Any CPU.ActiveCfg = Release|x86
		{26F584D0-7B85-4409-96BE-B3A611DAE301}.Release|ARM.ActiveCfg = Release|ARM
		{26F584D0-7B85-4409-96BE-B3A611DAE301}.Release|ARM.Build.0 = Release|ARM
		{26F584D0-7B85-4409-96BE-B3A611DAE301}.Release|ARM.Deploy.0 = Release|ARM
		{26F584D0-7B85-4409-96BE-B3A611DAE301}.Release|iPhone.ActiveCfg = Release|x86
		{26F584D0-7B85-4409-96BE-B3A611DAE301}.Release|iPhoneSimulator.ActiveCfg = Release|x86
		{26F584D0-7B85-4409-96BE-B3A611DAE301}.Release|x64.ActiveCfg = Release|x64
		{26F584D0-7B85-4409-96BE-B3A611DAE301}.Release|x64.Build.0 = Release|x64
		{26F584D0-7B85-4409-96BE-B3A611DAE301}.Release|x64.Deploy.0 = Release|x64
		{26F584D0-7B85-4409-96BE-B3A611DAE301}.Release|x86.ActiveCfg = Release|x86
		{26F584D0-7B85-4409-96BE-B3A611DAE301}.Release|x86.Build.0 = Release|x86
		{26F584D0-7B85-4409-96BE-B3A611DAE301}.Release|x86.Deploy.0 = Release|x86
	EndGlobalSection
	GlobalSection(SolutionProperties) = preSolution
		HideSolutionNode = FALSE
	EndGlobalSection
EndGlobal
